
Microsoft Visual Studio Solution File, Format Version 12.00
# Visual Studio Version 16
VisualStudioVersion = 16.0.31129.286
MinimumVisualStudioVersion = 10.0.40219.1
Project("{FAE04EC0-301F-11D3-BF4B-00C04F79EFBC}") = "AutoFisher", "AutoFisher\AutoFisher.csproj", "{64300D6A-BB42-4C5C-A82A-209D15C0BCDA}"
EndProject
Global
	GlobalSection(SolutionConfigurationPlatforms) = preSolution
		Debug|Any CPU = Debug|Any CPU
		Release|Any CPU = Release|Any CPU
	EndGlobalSection
	GlobalSection(ProjectConfigurationPlatforms) = postSolution
		{64300D6A-BB42-4C5C-A82A-209D15C0BCDA}.Debug|Any CPU.ActiveCfg = Debug|Any CPU
		{64300D6A-BB42-4C5C-A82A-209D15C0BCDA}.Debug|Any CPU.Build.0 = Debug|Any CPU
		{64300D6A-BB42-4C5C-A82A-209D15C0BCDA}.Release|Any CPU.ActiveCfg = Release|Any CPU
		{64300D6A-BB42-4C5C-A82A-209D15C0BCDA}.Release|Any CPU.Build.0 = Release|Any CPU
	EndGlobalSection
	GlobalSection(SolutionProperties) = preSolution
		HideSolutionNode = FALSE
	EndGlobalSection
	GlobalSection(ExtensibilityGlobals) = postSolution
		SolutionGuid = {7F0E3929-E451-4A1B-8EE5-ADA70C3D0F34}
	EndGlobalSection
EndGlobal
